
Microsoft Visual Studio Solution File, Format Version 12.00
# Visual Studio Version 17
VisualStudioVersion = 17.0.31825.309
MinimumVisualStudioVersion = 10.0.40219.1
Project("{9A19103F-16F7-4668-BE54-9A1E7A4F7556}") = "Insights", "Insights\Insights.csproj", "{F4997B04-6B65-4971-9ED3-B9C8EA7C9ACC}"
EndProject
Project("{9A19103F-16F7-4668-BE54-9A1E7A4F7556}") = "PlainApp", "Samples\PlainApp\PlainApp.csproj", "{62254ED4-9A7C-455A-8F17-76595E4096A7}"
EndProject
Project("{2150E333-8FDC-42A3-9474-1A3956D46DE8}") = "Samples", "Samples", "{C31D49D7-7548-40B0-BF89-0CA39C6729F5}"
EndProject
Project("{2150E333-8FDC-42A3-9474-1A3956D46DE8}") = "UI", "UI", "{E583D118-A7C8-4738-924F-8DB2EB7200EE}"
EndProject
Project("{FAE04EC0-301F-11D3-BF4B-00C04F79EFBC}") = "VisualStudio", "UI\VisualStudio\VisualStudio.csproj", "{5CDBCEF9-3B81-483A-8317-BD17BC1CF42C}"
EndProject
Project("{FAE04EC0-301F-11D3-BF4B-00C04F79EFBC}") = "Insights.Broadcast", "Insights.Broadcast\Insights.Broadcast.csproj", "{FC81E56A-24F8-446F-A670-969D2FF2AAF6}"
EndProject
Project("{FAE04EC0-301F-11D3-BF4B-00C04F79EFBC}") = "BroadcastAndReceive", "Samples\BroadcastAndReceive\BroadcastAndReceive.csproj", "{1E484CD5-51AD-4060-94D9-32A8DF75CCCD}"
EndProject
Global
	GlobalSection(SolutionConfigurationPlatforms) = preSolution
		Debug|Any CPU = Debug|Any CPU
		Debug|arm64 = Debug|arm64
		Debug|x86 = Debug|x86
		Release|Any CPU = Release|Any CPU
		Release|arm64 = Release|arm64
		Release|x86 = Release|x86
	EndGlobalSection
	GlobalSection(ProjectConfigurationPlatforms) = postSolution
		{F4997B04-6B65-4971-9ED3-B9C8EA7C9ACC}.Debug|Any CPU.ActiveCfg = Debug|Any CPU
		{F4997B04-6B65-4971-9ED3-B9C8EA7C9ACC}.Debug|Any CPU.Build.0 = Debug|Any CPU
		{F4997B04-6B65-4971-9ED3-B9C8EA7C9ACC}.Debug|arm64.ActiveCfg = Debug|Any CPU
		{F4997B04-6B65-4971-9ED3-B9C8EA7C9ACC}.Debug|arm64.Build.0 = Debug|Any CPU
		{F4997B04-6B65-4971-9ED3-B9C8EA7C9ACC}.Debug|x86.ActiveCfg = Debug|Any CPU
		{F4997B04-6B65-4971-9ED3-B9C8EA7C9ACC}.Debug|x86.Build.0 = Debug|Any CPU
		{F4997B04-6B65-4971-9ED3-B9C8EA7C9ACC}.Release|Any CPU.ActiveCfg = Release|Any CPU
		{F4997B04-6B65-4971-9ED3-B9C8EA7C9ACC}.Release|Any CPU.Build.0 = Release|Any CPU
		{F4997B04-6B65-4971-9ED3-B9C8EA7C9ACC}.Release|arm64.ActiveCfg = Release|Any CPU
		{F4997B04-6B65-4971-9ED3-B9C8EA7C9ACC}.Release|arm64.Build.0 = Release|Any CPU
		{F4997B04-6B65-4971-9ED3-B9C8EA7C9ACC}.Release|x86.ActiveCfg = Release|Any CPU
		{F4997B04-6B65-4971-9ED3-B9C8EA7C9ACC}.Release|x86.Build.0 = Release|Any CPU
		{62254ED4-9A7C-455A-8F17-76595E4096A7}.Debug|Any CPU.ActiveCfg = Debug|Any CPU
		{62254ED4-9A7C-455A-8F17-76595E4096A7}.Debug|Any CPU.Build.0 = Debug|Any CPU
		{62254ED4-9A7C-455A-8F17-76595E4096A7}.Debug|arm64.ActiveCfg = Debug|Any CPU
		{62254ED4-9A7C-455A-8F17-76595E4096A7}.Debug|arm64.Build.0 = Debug|Any CPU
		{62254ED4-9A7C-455A-8F17-76595E4096A7}.Debug|x86.ActiveCfg = Debug|Any CPU
		{62254ED4-9A7C-455A-8F17-76595E4096A7}.Debug|x86.Build.0 = Debug|Any CPU
		{62254ED4-9A7C-455A-8F17-76595E4096A7}.Release|Any CPU.ActiveCfg = Release|Any CPU
		{62254ED4-9A7C-455A-8F17-76595E4096A7}.Release|Any CPU.Build.0 = Release|Any CPU
		{62254ED4-9A7C-455A-8F17-76595E4096A7}.Release|arm64.ActiveCfg = Release|Any CPU
		{62254ED4-9A7C-455A-8F17-76595E4096A7}.Release|arm64.Build.0 = Release|Any CPU
		{62254ED4-9A7C-455A-8F17-76595E4096A7}.Release|x86.ActiveCfg = Release|Any CPU
		{62254ED4-9A7C-455A-8F17-76595E4096A7}.Release|x86.Build.0 = Release|Any CPU
		{5CDBCEF9-3B81-483A-8317-BD17BC1CF42C}.Debug|Any CPU.ActiveCfg = Debug|Any CPU
		{5CDBCEF9-3B81-483A-8317-BD17BC1CF42C}.Debug|Any CPU.Build.0 = Debug|Any CPU
		{5CDBCEF9-3B81-483A-8317-BD17BC1CF42C}.Debug|arm64.ActiveCfg = Debug|arm64
		{5CDBCEF9-3B81-483A-8317-BD17BC1CF42C}.Debug|arm64.Build.0 = Debug|arm64
		{5CDBCEF9-3B81-483A-8317-BD17BC1CF42C}.Debug|x86.ActiveCfg = Debug|x86
		{5CDBCEF9-3B81-483A-8317-BD17BC1CF42C}.Debug|x86.Build.0 = Debug|x86
		{5CDBCEF9-3B81-483A-8317-BD17BC1CF42C}.Release|Any CPU.ActiveCfg = Release|Any CPU
		{5CDBCEF9-3B81-483A-8317-BD17BC1CF42C}.Release|Any CPU.Build.0 = Release|Any CPU
		{5CDBCEF9-3B81-483A-8317-BD17BC1CF42C}.Release|arm64.ActiveCfg = Release|arm64
		{5CDBCEF9-3B81-483A-8317-BD17BC1CF42C}.Release|arm64.Build.0 = Release|arm64
		{5CDBCEF9-3B81-483A-8317-BD17BC1CF42C}.Release|x86.ActiveCfg = Release|x86
		{5CDBCEF9-3B81-483A-8317-BD17BC1CF42C}.Release|x86.Build.0 = Release|x86
		{FC81E56A-24F8-446F-A670-969D2FF2AAF6}.Debug|Any CPU.ActiveCfg = Debug|Any CPU
		{FC81E56A-24F8-446F-A670-969D2FF2AAF6}.Debug|Any CPU.Build.0 = Debug|Any CPU
		{FC81E56A-24F8-446F-A670-969D2FF2AAF6}.Debug|arm64.ActiveCfg = Debug|Any CPU
		{FC81E56A-24F8-446F-A670-969D2FF2AAF6}.Debug|arm64.Build.0 = Debug|Any CPU
		{FC81E56A-24F8-446F-A670-969D2FF2AAF6}.Debug|x86.ActiveCfg = Debug|Any CPU
		{FC81E56A-24F8-446F-A670-969D2FF2AAF6}.Debug|x86.Build.0 = Debug|Any CPU
		{FC81E56A-24F8-446F-A670-969D2FF2AAF6}.Release|Any CPU.ActiveCfg = Release|Any CPU
		{FC81E56A-24F8-446F-A670-969D2FF2AAF6}.Release|Any CPU.Build.0 = Release|Any CPU
		{FC81E56A-24F8-446F-A670-969D2FF2AAF6}.Release|arm64.ActiveCfg = Release|Any CPU
		{FC81E56A-24F8-446F-A670-969D2FF2AAF6}.Release|arm64.Build.0 = Release|Any CPU
		{FC81E56A-24F8-446F-A670-969D2FF2AAF6}.Release|x86.ActiveCfg = Release|Any CPU
		{FC81E56A-24F8-446F-A670-969D2FF2AAF6}.Release|x86.Build.0 = Release|Any CPU
		{1E484CD5-51AD-4060-94D9-32A8DF75CCCD}.Debug|Any CPU.ActiveCfg = Debug|Any CPU
		{1E484CD5-51AD-4060-94D9-32A8DF75CCCD}.Debug|Any CPU.Build.0 = Debug|Any CPU
		{1E484CD5-51AD-4060-94D9-32A8DF75CCCD}.Debug|arm64.ActiveCfg = Debug|Any CPU
		{1E484CD5-51AD-4060-94D9-32A8DF75CCCD}.Debug|arm64.Build.0 = Debug|Any CPU
		{1E484CD5-51AD-4060-94D9-32A8DF75CCCD}.Debug|x86.ActiveCfg = Debug|Any CPU
		{1E484CD5-51AD-4060-94D9-32A8DF75CCCD}.Debug|x86.Build.0 = Debug|Any CPU
		{1E484CD5-51AD-4060-94D9-32A8DF75CCCD}.Release|Any CPU.ActiveCfg = Release|Any CPU
		{1E484CD5-51AD-4060-94D9-32A8DF75CCCD}.Release|Any CPU.Build.0 = Release|Any CPU
		{1E484CD5-51AD-4060-94D9-32A8DF75CCCD}.Release|arm64.ActiveCfg = Release|Any CPU
		{1E484CD5-51AD-4060-94D9-32A8DF75CCCD}.Release|arm64.Build.0 = Release|Any CPU
		{1E484CD5-51AD-4060-94D9-32A8DF75CCCD}.Release|x86.ActiveCfg = Release|Any CPU
		{1E484CD5-51AD-4060-94D9-32A8DF75CCCD}.Release|x86.Build.0 = Release|Any CPU
	EndGlobalSection
	GlobalSection(SolutionProperties) = preSolution
		HideSolutionNode = FALSE
	EndGlobalSection
	GlobalSection(NestedProjects) = preSolution
		{62254ED4-9A7C-455A-8F17-76595E4096A7} = {C31D49D7-7548-40B0-BF89-0CA39C6729F5}
		{5CDBCEF9-3B81-483A-8317-BD17BC1CF42C} = {E583D118-A7C8-4738-924F-8DB2EB7200EE}
		{1E484CD5-51AD-4060-94D9-32A8DF75CCCD} = {C31D49D7-7548-40B0-BF89-0CA39C6729F5}
	EndGlobalSection
	GlobalSection(ExtensibilityGlobals) = postSolution
		SolutionGuid = {7FC459AB-32B3-44A1-B2B3-05067DB804B1}
	EndGlobalSection
EndGlobal
