
Microsoft Visual Studio Solution File, Format Version 12.00
# Visual Studio Version 17
VisualStudioVersion = 17.0.31825.309
MinimumVisualStudioVersion = 10.0.40219.1
Project("{9A19103F-16F7-4668-BE54-9A1E7A4F7556}") = "Insights", "Insights\Insights.csproj", "{F4997B04-6B65-4971-9ED3-B9C8EA7C9ACC}"
EndProject
Project("{9A19103F-16F7-4668-BE54-9A1E7A4F7556}") = "PlainApp", "Samples\PlainApp\PlainApp.csproj", "{62254ED4-9A7C-455A-8F17-76595E4096A7}"
EndProject
Project("{2150E333-8FDC-42A3-9474-1A3956D46DE8}") = "Samples", "Samples", "{C31D49D7-7548-40B0-BF89-0CA39C6729F5}"
EndProject
Global
	GlobalSection(SolutionConfigurationPlatforms) = preSolution
		Debug|Any CPU = Debug|Any CPU
		Release|Any CPU = Release|Any CPU
	EndGlobalSection
	GlobalSection(ProjectConfigurationPlatforms) = postSolution
		{F4997B04-6B65-4971-9ED3-B9C8EA7C9ACC}.Debug|Any CPU.ActiveCfg = Debug|Any CPU
		{F4997B04-6B65-4971-9ED3-B9C8EA7C9ACC}.Debug|Any CPU.Build.0 = Debug|Any CPU
		{F4997B04-6B65-4971-9ED3-B9C8EA7C9ACC}.Release|Any CPU.ActiveCfg = Release|Any CPU
		{F4997B04-6B65-4971-9ED3-B9C8EA7C9ACC}.Release|Any CPU.Build.0 = Release|Any CPU
		{62254ED4-9A7C-455A-8F17-76595E4096A7}.Debug|Any CPU.ActiveCfg = Debug|Any CPU
		{62254ED4-9A7C-455A-8F17-76595E4096A7}.Debug|Any CPU.Build.0 = Debug|Any CPU
		{62254ED4-9A7C-455A-8F17-76595E4096A7}.Release|Any CPU.ActiveCfg = Release|Any CPU
		{62254ED4-9A7C-455A-8F17-76595E4096A7}.Release|Any CPU.Build.0 = Release|Any CPU
	EndGlobalSection
	GlobalSection(SolutionProperties) = preSolution
		HideSolutionNode = FALSE
	EndGlobalSection
	GlobalSection(NestedProjects) = preSolution
		{62254ED4-9A7C-455A-8F17-76595E4096A7} = {C31D49D7-7548-40B0-BF89-0CA39C6729F5}
	EndGlobalSection
	GlobalSection(ExtensibilityGlobals) = postSolution
		SolutionGuid = {7FC459AB-32B3-44A1-B2B3-05067DB804B1}
	EndGlobalSection
EndGlobal
